
Microsoft Visual Studio Solution File, Format Version 12.00
# Visual Studio 15
VisualStudioVersion = 15.0.33026.149
MinimumVisualStudioVersion = 10.0.40219.1
Project("{FAE04EC0-301F-11D3-BF4B-00C04F79EFBC}") = "ParallelExtraTask", "ParallelExtraTask\ParallelExtraTask.csproj", "{65086EAE-B950-4F74-B83D-19AF6BB655AF}"
EndProject
Global
	GlobalSection(SolutionConfigurationPlatforms) = preSolution
		Debug|Any CPU = Debug|Any CPU
		Release|Any CPU = Release|Any CPU
	EndGlobalSection
	GlobalSection(ProjectConfigurationPlatforms) = postSolution
		{65086EAE-B950-4F74-B83D-19AF6BB655AF}.Debug|Any CPU.ActiveCfg = Debug|Any CPU
		{65086EAE-B950-4F74-B83D-19AF6BB655AF}.Debug|Any CPU.Build.0 = Debug|Any CPU
		{65086EAE-B950-4F74-B83D-19AF6BB655AF}.Release|Any CPU.ActiveCfg = Release|Any CPU
		{65086EAE-B950-4F74-B83D-19AF6BB655AF}.Release|Any CPU.Build.0 = Release|Any CPU
	EndGlobalSection
	GlobalSection(SolutionProperties) = preSolution
		HideSolutionNode = FALSE
	EndGlobalSection
	GlobalSection(ExtensibilityGlobals) = postSolution
		SolutionGuid = {386F3597-87EA-4FB1-B345-3D566F5032DE}
	EndGlobalSection
EndGlobal
